hash: a09fc8bf46a9bb88677862ff8cfed8ebf3ba48e4f2968c162e366a633df2e1ed
updated: 2018-09-12T18:21:05.440175+08:00
imports:
- name: github.com/fsnotify/fsnotify
  version: c2828203cd70a50dcccfb2761f8b1f8ceef9a8e9
- name: github.com/go-ini/ini
  version: 5cf292cae48347c2490ac1a58fe36735fb78df7e
- name: github.com/go-redis/redis
  version: f7094544a59562bda428bd62df1b90ecbca58338
  subpackages:
  - internal
  - internal/consistenthash
  - internal/hashtag
  - internal/pool
  - internal/proto
  - internal/singleflight
  - internal/util
- name: github.com/judwhite/go-svc
  version: 52e9762f4dcd5373a8ecdefd85ed089cac66afa4
  subpackages:
  - svc
- name: go.uber.org/atomic
  version: 1ea20fb1cbb1cc08cbd0d913a96dead89aa18289
- name: go.uber.org/multierr
  version: 3c4937480c32f4c13a875a1829af76c98ca3d40a
- name: go.uber.org/zap
  version: 67bc79d13d155c02fd008f721863ff8cc5f30659
  subpackages:
  - buffer
  - internal/bufferpool
  - internal/color
  - internal/exit
  - zapcore
- name: golang.org/x/sys
  version: 3b87a42e500a6dc65dae1a55d0b641295971163e
  subpackages:
  - unix
  - windows
  - windows/svc
testImports: []
